
Microsoft Visual Studio Solution File, Format Version 12.00
# Visual Studio 2013
VisualStudioVersion = 12.0.30723.0
MinimumVisualStudioVersion = 10.0.40219.1
Project("{FAE04EC0-301F-11D3-BF4B-00C04F79EFBC}") = "BayShore", "BayShore\BayShore.csproj", "{CFDAE98D-8422-4070-A39F-545BA1C7502F}"
EndProject
Global
	GlobalSection(SolutionConfigurationPlatforms) = preSolution
		Debug|Any CPU = Debug|Any CPU
		Release|Any CPU = Release|Any CPU
	EndGlobalSection
	GlobalSection(ProjectConfigurationPlatforms) = postSolution
		{CFDAE98D-8422-4070-A39F-545BA1C7502F}.Debug|Any CPU.ActiveCfg = Debug|Any CPU
		{CFDAE98D-8422-4070-A39F-545BA1C7502F}.Debug|Any CPU.Build.0 = Debug|Any CPU
		{CFDAE98D-8422-4070-A39F-545BA1C7502F}.Release|Any CPU.ActiveCfg = Release|Any CPU
		{CFDAE98D-8422-4070-A39F-545BA1C7502F}.Release|Any CPU.Build.0 = Release|Any CPU
	EndGlobalSection
	GlobalSection(SolutionProperties) = preSolution
		HideSolutionNode = FALSE
	EndGlobalSection
EndGlobal
